
Microsoft Visual Studio Solution File, Format Version 12.00
# Visual Studio Version 17
VisualStudioVersion = 17.6.33829.357
MinimumVisualStudioVersion = 10.0.40219.1
Project("{FAE04EC0-301F-11D3-BF4B-00C04F79EFBC}") = "Cluster-Admin", "Cluster-Admin.csproj", "{42DBAF4D-8575-4A12-92BE-3C54E62356CF}"
EndProject
Global
	GlobalSection(SolutionConfigurationPlatforms) = preSolution
		Debug|Any CPU = Debug|Any CPU
		Release|Any CPU = Release|Any CPU
	EndGlobalSection
	GlobalSection(ProjectConfigurationPlatforms) = postSolution
		{42DBAF4D-8575-4A12-92BE-3C54E62356CF}.Debug|Any CPU.ActiveCfg = Debug|Any CPU
		{42DBAF4D-8575-4A12-92BE-3C54E62356CF}.Debug|Any CPU.Build.0 = Debug|Any CPU
		{42DBAF4D-8575-4A12-92BE-3C54E62356CF}.Release|Any CPU.ActiveCfg = Release|Any CPU
		{42DBAF4D-8575-4A12-92BE-3C54E62356CF}.Release|Any CPU.Build.0 = Release|Any CPU
	EndGlobalSection
	GlobalSection(SolutionProperties) = preSolution
		HideSolutionNode = FALSE
	EndGlobalSection
	GlobalSection(ExtensibilityGlobals) = postSolution
		SolutionGuid = {9F400AFB-979F-4E9C-BF5D-0DE8ABD4C2ED}
	EndGlobalSection
EndGlobal
